# THIS IS AN AUTOGENERATED FILE. DO NOT EDIT THIS FILE DIRECTLY.
# yarn lockfile v1


"@polymer/polymer@^2.3.1":
  version "2.3.1"
  resolved "https://registry.yarnpkg.com/@polymer/polymer/-/polymer-2.3.1.tgz#1300123c5060bdc75b32dd3ed986abca25482000"

"@webcomponents/webcomponentsjs@^1.0.20":
  version "1.0.20"
  resolved "https://registry.yarnpkg.com/@webcomponents/webcomponentsjs/-/webcomponentsjs-1.0.20.tgz#bac97c9709a3130241da4c2c85710e1dc8775b1c"
